// !$*UTF8*$!
{
	archiveVersion = 1;
	classes = {
	};
	objectVersion = 56;
	objects = {

/* Begin PBXBuildFile section */
		3338C6A92A1F5F500035545A /* GardenUIApp.swift in Sources */ = {isa = PBXBuildFile; fileRef = 3338C6A82A1F5F500035545A /* GardenUIApp.swift */; };
		3338C6AB2A1F5F500035545A /* ContentView.swift in Sources */ = {isa = PBXBuildFile; fileRef = 3338C6AA2A1F5F500035545A /* ContentView.swift */; };
		3338C6AD2A1F5F510035545A /* Assets.xcassets in Resources */ = {isa = PBXBuildFile; fileRef = 3338C6AC2A1F5F510035545A /* Assets.xcassets */; };
		3338C6B12A1F5F510035545A /* Preview Assets.xcassets in Resources */ = {isa = PBXBuildFile; fileRef = 3338C6B02A1F5F510035545A /* Preview Assets.xcassets */; };
		3338C6B82A1F8E840035545A /* Garden.swift in Sources */ = {isa = PBXBuildFile; fileRef = 3338C6B72A1F8E840035545A /* Garden.swift */; };
		3338C6BA2A1F8E890035545A /* Plant.swift in Sources */ = {isa = PBXBuildFile; fileRef = 3338C6B92A1F8E890035545A /* Plant.swift */; };
		3338C6BD2A1FA5D00035545A /* PlantListView.swift in Sources */ = {isa = PBXBuildFile; fileRef = 3338C6BC2A1FA5D00035545A /* PlantListView.swift */; };
		3338C6BF2A1FB32B0035545A /* PlantDetailsView.swift in Sources */ = {isa = PBXBuildFile; fileRef = 3338C6BE2A1FB32B0035545A /* PlantDetailsView.swift */; };
		3338C6C12A1FB3BA0035545A /* ShopView.swift in Sources */ = {isa = PBXBuildFile; fileRef = 3338C6C02A1FB3BA0035545A /* ShopView.swift */; };
		3338C6C32A209D610035545A /* CustomSwitchView.swift in Sources */ = {isa = PBXBuildFile; fileRef = 3338C6C22A209D610035545A /* CustomSwitchView.swift */; };
		3338C72F2A21001C0035545A /* Localizable.strings in Resources */ = {isa = PBXBuildFile; fileRef = 3338C72D2A21001C0035545A /* Localizable.strings */; };
/* End PBXBuildFile section */

/* Begin PBXFileReference section */
		3338C6A52A1F5F500035545A /* GardenUI.app */ = {isa = PBXFileReference; explicitFileType = wrapper.application; includeInIndex = 0; path = GardenUI.app; sourceTree = BUILT_PRODUCTS_DIR; };
		3338C6A82A1F5F500035545A /* GardenUIApp.swift */ = {isa = PBXFileReference; lastKnownFileType = sourcecode.swift; path = GardenUIApp.swift; sourceTree = "<group>"; };
		3338C6AA2A1F5F500035545A /* ContentView.swift */ = {isa = PBXFileReference; lastKnownFileType = sourcecode.swift; path = ContentView.swift; sourceTree = "<group>"; };
		3338C6AC2A1F5F510035545A /* Assets.xcassets */ = {isa = PBXFileReference; lastKnownFileType = folder.assetcatalog; path = Assets.xcassets; sourceTree = "<group>"; };
		3338C6AE2A1F5F510035545A /* GardenUI.entitlements */ = {isa = PBXFileReference; lastKnownFileType = text.plist.entitlements; path = GardenUI.entitlements; sourceTree = "<group>"; };
		3338C6B02A1F5F510035545A /* Preview Assets.xcassets */ = {isa = PBXFileReference; lastKnownFileType = folder.assetcatalog; path = "Preview Assets.xcassets"; sourceTree = "<group>"; };
		3338C6B72A1F8E840035545A /* Garden.swift */ = {isa = PBXFileReference; lastKnownFileType = sourcecode.swift; path = Garden.swift; sourceTree = "<group>"; };
		3338C6B92A1F8E890035545A /* Plant.swift */ = {isa = PBXFileReference; lastKnownFileType = sourcecode.swift; path = Plant.swift; sourceTree = "<group>"; };
		3338C6BC2A1FA5D00035545A /* PlantListView.swift */ = {isa = PBXFileReference; lastKnownFileType = sourcecode.swift; path = PlantListView.swift; sourceTree = "<group>"; };
		3338C6BE2A1FB32B0035545A /* PlantDetailsView.swift */ = {isa = PBXFileReference; lastKnownFileType = sourcecode.swift; path = PlantDetailsView.swift; sourceTree = "<group>"; };
		3338C6C02A1FB3BA0035545A /* ShopView.swift */ = {isa = PBXFileReference; lastKnownFileType = sourcecode.swift; path = ShopView.swift; sourceTree = "<group>"; };
		3338C6C22A209D610035545A /* CustomSwitchView.swift */ = {isa = PBXFileReference; lastKnownFileType = sourcecode.swift; path = CustomSwitchView.swift; sourceTree = "<group>"; };
		3338C72E2A21001C0035545A /* fr */ = {isa = PBXFileReference; lastKnownFileType = text.plist.strings; name = fr; path = fr.lproj/Localizable.strings; sourceTree = "<group>"; };
/* End PBXFileReference section */

/* Begin PBXFrameworksBuildPhase section */
		3338C6A22A1F5F500035545A /* Frameworks */ = {
			isa = PBXFrameworksBuildPhase;
			buildActionMask = 2147483647;
			files = (
			);
			runOnlyForDeploymentPostprocessing = 0;
		};
/* End PBXFrameworksBuildPhase section */

/* Begin PBXGroup section */
		3338C69C2A1F5F500035545A = {
			isa = PBXGroup;
			children = (
				3338C6A72A1F5F500035545A /* GardenUI */,
				3338C6A62A1F5F500035545A /* Products */,
			);
			sourceTree = "<group>";
		};
		3338C6A62A1F5F500035545A /* Products */ = {
			isa = PBXGroup;
			children = (
				3338C6A52A1F5F500035545A /* GardenUI.app */,
			);
			name = Products;
			sourceTree = "<group>";
		};
		3338C6A72A1F5F500035545A /* GardenUI */ = {
			isa = PBXGroup;
			children = (
				3338C72D2A21001C0035545A /* Localizable.strings */,
				3338C6A82A1F5F500035545A /* GardenUIApp.swift */,
				3338C6AA2A1F5F500035545A /* ContentView.swift */,
				3338C6C22A209D610035545A /* CustomSwitchView.swift */,
				3338C6BC2A1FA5D00035545A /* PlantListView.swift */,
				3338C6BE2A1FB32B0035545A /* PlantDetailsView.swift */,
				3338C6C02A1FB3BA0035545A /* ShopView.swift */,
				3338C6BB2A1F8EB90035545A /* Model */,
				3338C6AC2A1F5F510035545A /* Assets.xcassets */,
				3338C6AE2A1F5F510035545A /* GardenUI.entitlements */,
				3338C6AF2A1F5F510035545A /* Preview Content */,
			);
			path = GardenUI;
			sourceTree = "<group>";
		};
		3338C6AF2A1F5F510035545A /* Preview Content */ = {
			isa = PBXGroup;
			children = (
				3338C6B02A1F5F510035545A /* Preview Assets.xcassets */,
			);
			path = "Preview Content";
			sourceTree = "<group>";
		};
		3338C6BB2A1F8EB90035545A /* Model */ = {
			isa = PBXGroup;
			children = (
				3338C6B72A1F8E840035545A /* Garden.swift */,
				3338C6B92A1F8E890035545A /* Plant.swift */,
			);
			path = Model;
			sourceTree = "<group>";
		};
/* End PBXGroup section */

/* Begin PBXNativeTarget section */
		3338C6A42A1F5F500035545A /* GardenUI */ = {
			isa = PBXNativeTarget;
			buildConfigurationList = 3338C6B42A1F5F510035545A /* Build configuration list for PBXNativeTarget "GardenUI" */;
			buildPhases = (
				3338C6A12A1F5F500035545A /* Sources */,
				3338C6A22A1F5F500035545A /* Frameworks */,
				3338C6A32A1F5F500035545A /* Resources */,
			);
			buildRules = (
			);
			dependencies = (
			);
			name = GardenUI;
			packageProductDependencies = (
			);
			productName = GardenUI;
			productReference = 3338C6A52A1F5F500035545A /* GardenUI.app */;
			productType = "com.apple.product-type.application";
		};
/* End PBXNativeTarget section */

/* Begin PBXProject section */
		3338C69D2A1F5F500035545A /* Project object */ = {
			isa = PBXProject;
			attributes = {
				BuildIndependentTargetsInParallel = 1;
				LastSwiftUpdateCheck = 1420;
				LastUpgradeCheck = 1420;
				TargetAttributes = {
					3338C6A42A1F5F500035545A = {
						CreatedOnToolsVersion = 14.2;
					};
				};
			};
			buildConfigurationList = 3338C6A02A1F5F500035545A /* Build configuration list for PBXProject "GardenUI" */;
			compatibilityVersion = "Xcode 14.0";
			developmentRegion = en;
			hasScannedForEncodings = 0;
			knownRegions = (
				en,
				Base,
				fr,
			);
			mainGroup = 3338C69C2A1F5F500035545A;
			packageReferences = (
			);
			productRefGroup = 3338C6A62A1F5F500035545A /* Products */;
			projectDirPath = "";
			projectRoot = "";
			targets = (
				3338C6A42A1F5F500035545A /* GardenUI */,
			);
		};
/* End PBXProject section */

/* Begin PBXResourcesBuildPhase section */
		3338C6A32A1F5F500035545A /* Resources */ = {
			isa = PBXResourcesBuildPhase;
			buildActionMask = 2147483647;
			files = (
				3338C6B12A1F5F510035545A /* Preview Assets.xcassets in Resources */,
				3338C72F2A21001C0035545A /* Localizable.strings in Resources */,
				3338C6AD2A1F5F510035545A /* Assets.xcassets in Resources */,
			);
			runOnlyForDeploymentPostprocessing = 0;
		};
/* End PBXResourcesBuildPhase section */

/* Begin PBXSourcesBuildPhase section */
		3338C6A12A1F5F500035545A /* Sources */ = {
			isa = PBXSourcesBuildPhase;
			buildActionMask = 2147483647;
			files = (
				3338C6B82A1F8E840035545A /* Garden.swift in Sources */,
				3338C6C32A209D610035545A /* CustomSwitchView.swift in Sources */,
				3338C6BA2A1F8E890035545A /* Plant.swift in Sources */,
				3338C6C12A1FB3BA0035545A /* ShopView.swift in Sources */,
				3338C6BD2A1FA5D00035545A /* PlantListView.swift in Sources */,
				3338C6AB2A1F5F500035545A /* ContentView.swift in Sources */,
				3338C6A92A1F5F500035545A /* GardenUIApp.swift in Sources */,
				3338C6BF2A1FB32B0035545A /* PlantDetailsView.swift in Sources */,
			);
			runOnlyForDeploymentPostprocessing = 0;
		};
/* End PBXSourcesBuildPhase section */

/* Begin PBXVariantGroup section */
		3338C72D2A21001C0035545A /* Localizable.strings */ = {
			isa = PBXVariantGroup;
			children = (
				3338C72E2A21001C0035545A /* fr */,
			);
			name = Localizable.strings;
			sourceTree = "<group>";
		};
/* End PBXVariantGroup section */

/* Begin XCBuildConfiguration section */
		3338C6B22A1F5F510035545A /* Debug */ = {
			isa = XCBuildConfiguration;
			buildSettings = {
				ALWAYS_SEARCH_USER_PATHS = NO;
				CLANG_ANALYZER_NONNULL = YES;
				CLANG_ANALYZER_NUMBER_OBJECT_CONVERSION = YES_AGGRESSIVE;
				CLANG_CXX_LANGUAGE_STANDARD = "gnu++20";
				CLANG_ENABLE_MODULES = YES;
				CLANG_ENABLE_OBJC_ARC = YES;
				CLANG_ENABLE_OBJC_WEAK = YES;
				CLANG_WARN_BLOCK_CAPTURE_AUTORELEASING = YES;
				CLANG_WARN_BOOL_CONVERSION = YES;
				CLANG_WARN_COMMA = YES;
				CLANG_WARN_CONSTANT_CONVERSION = YES;
				CLANG_WARN_DEPRECATED_OBJC_IMPLEMENTATIONS = YES;
				CLANG_WARN_DIRECT_OBJC_ISA_USAGE = YES_ERROR;
				CLANG_WARN_DOCUMENTATION_COMMENTS = YES;
				CLANG_WARN_EMPTY_BODY = YES;
				CLANG_WARN_ENUM_CONVERSION = YES;
				CLANG_WARN_INFINITE_RECURSION = YES;
				CLANG_WARN_INT_CONVERSION = YES;
				CLANG_WARN_NON_LITERAL_NULL_CONVERSION = YES;
				CLANG_WARN_OBJC_IMPLICIT_RETAIN_SELF = YES;
				CLANG_WARN_OBJC_LITERAL_CONVERSION = YES;
				CLANG_WARN_OBJC_ROOT_CLASS = YES_ERROR;
				CLANG_WARN_QUOTED_INCLUDE_IN_FRAMEWORK_HEADER = YES;
				CLANG_WARN_RANGE_LOOP_ANALYSIS = YES;
				CLANG_WARN_STRICT_PROTOTYPES = YES;
				CLANG_WARN_SUSPICIOUS_MOVE = YES;
				CLANG_WARN_UNGUARDED_AVAILABILITY = YES_AGGRESSIVE;
				CLANG_WARN_UNREACHABLE_CODE = YES;
				CLANG_WARN__DUPLICATE_METHOD_MATCH = YES;
				COPY_PHASE_STRIP = NO;
				DEBUG_INFORMATION_FORMAT = dwarf;
				ENABLE_STRICT_OBJC_MSGSEND = YES;
				ENABLE_TESTABILITY = YES;
				GCC_C_LANGUAGE_STANDARD = gnu11;
				GCC_DYNAMIC_NO_PIC = NO;
				GCC_NO_COMMON_BLOCKS = YES;
				GCC_OPTIMIZATION_LEVEL = 0;
				GCC_PREPROCESSOR_DEFINITIONS = (
					"DEBUG=1",
					"$(inherited)",
				);
				GCC_WARN_64_TO_32_BIT_CONVERSION = YES;
				GCC_WARN_ABOUT_RETURN_TYPE = YES_ERROR;
				GCC_WARN_UNDECLARED_SELECTOR = YES;
				GCC_WARN_UNINITIALIZED_AUTOS = YES_AGGRESSIVE;
				GCC_WARN_UNUSED_FUNCTION = YES;
				GCC_WARN_UNUSED_VARIABLE = YES;
				MTL_ENABLE_DEBUG_INFO = INCLUDE_SOURCE;
				MTL_FAST_MATH = YES;
				ONLY_ACTIVE_ARCH = YES;
				SWIFT_ACTIVE_COMPILATION_CONDITIONS = DEBUG;
				SWIFT_OPTIMIZATION_LEVEL = "-Onone";
			};
			name = Debug;
		};
		3338C6B32A1F5F510035545A /* Release */ = {
			isa = XCBuildConfiguration;
			buildSettings = {
				ALWAYS_SEARCH_USER_PATHS = NO;
				CLANG_ANALYZER_NONNULL = YES;
				CLANG_ANALYZER_NUMBER_OBJECT_CONVERSION = YES_AGGRESSIVE;
				CLANG_CXX_LANGUAGE_STANDARD = "gnu++20";
				CLANG_ENABLE_MODULES = YES;
				CLANG_ENABLE_OBJC_ARC = YES;
				CLANG_ENABLE_OBJC_WEAK = YES;
				CLANG_WARN_BLOCK_CAPTURE_AUTORELEASING = YES;
				CLANG_WARN_BOOL_CONVERSION = YES;
				CLANG_WARN_COMMA = YES;
				CLANG_WARN_CONSTANT_CONVERSION = YES;
				CLANG_WARN_DEPRECATED_OBJC_IMPLEMENTATIONS = YES;
				CLANG_WARN_DIRECT_OBJC_ISA_USAGE = YES_ERROR;
				CLANG_WARN_DOCUMENTATION_COMMENTS = YES;
				CLANG_WARN_EMPTY_BODY = YES;
				CLANG_WARN_ENUM_CONVERSION = YES;
				CLANG_WARN_INFINITE_RECURSION = YES;
				CLANG_WARN_INT_CONVERSION = YES;
				CLANG_WARN_NON_LITERAL_NULL_CONVERSION = YES;
				CLANG_WARN_OBJC_IMPLICIT_RETAIN_SELF = YES;
				CLANG_WARN_OBJC_LITERAL_CONVERSION = YES;
				CLANG_WARN_OBJC_ROOT_CLASS = YES_ERROR;
				CLANG_WARN_QUOTED_INCLUDE_IN_FRAMEWORK_HEADER = YES;
				CLANG_WARN_RANGE_LOOP_ANALYSIS = YES;
				CLANG_WARN_STRICT_PROTOTYPES = YES;
				CLANG_WARN_SUSPICIOUS_MOVE = YES;
				CLANG_WARN_UNGUARDED_AVAILABILITY = YES_AGGRESSIVE;
				CLANG_WARN_UNREACHABLE_CODE = YES;
				CLANG_WARN__DUPLICATE_METHOD_MATCH = YES;
				COPY_PHASE_STRIP = NO;
				DEBUG_INFORMATION_FORMAT = "dwarf-with-dsym";
				ENABLE_NS_ASSERTIONS = NO;
				ENABLE_STRICT_OBJC_MSGSEND = YES;
				GCC_C_LANGUAGE_STANDARD = gnu11;
				GCC_NO_COMMON_BLOCKS = YES;
				GCC_WARN_64_TO_32_BIT_CONVERSION = YES;
				GCC_WARN_ABOUT_RETURN_TYPE = YES_ERROR;
				GCC_WARN_UNDECLARED_SELECTOR = YES;
				GCC_WARN_UNINITIALIZED_AUTOS = YES_AGGRESSIVE;
				GCC_WARN_UNUSED_FUNCTION = YES;
				GCC_WARN_UNUSED_VARIABLE = YES;
				MTL_ENABLE_DEBUG_INFO = NO;
				MTL_FAST_MATH = YES;
				SWIFT_COMPILATION_MODE = wholemodule;
				SWIFT_OPTIMIZATION_LEVEL = "-O";
			};
			name = Release;
		};
		3338C6B52A1F5F510035545A /* Debug */ = {
			isa = XCBuildConfiguration;
			buildSettings = {
				ASSETCATALOG_COMPILER_APPICON_NAME = AppIcon;
				ASSETCATALOG_COMPILER_GLOBAL_ACCENT_COLOR_NAME = AccentColor;
				CODE_SIGN_ENTITLEMENTS = GardenUI/GardenUI.entitlements;
				CODE_SIGN_STYLE = Automatic;
				CURRENT_PROJECT_VERSION = 1;
				DEVELOPMENT_ASSET_PATHS = "\"GardenUI/Preview Content\"";
				DEVELOPMENT_TEAM = A7SGM6JEMA;
				ENABLE_HARDENED_RUNTIME = YES;
				ENABLE_PREVIEWS = YES;
				GENERATE_INFOPLIST_FILE = YES;
				"INFOPLIST_KEY_UIApplicationSceneManifest_Generation[sdk=iphoneos*]" = YES;
				"INFOPLIST_KEY_UIApplicationSceneManifest_Generation[sdk=iphonesimulator*]" = YES;
				"INFOPLIST_KEY_UIApplicationSupportsIndirectInputEvents[sdk=iphoneos*]" = YES;
				"INFOPLIST_KEY_UIApplicationSupportsIndirectInputEvents[sdk=iphonesimulator*]" = YES;
				"INFOPLIST_KEY_UILaunchScreen_Generation[sdk=iphoneos*]" = YES;
				"INFOPLIST_KEY_UILaunchScreen_Generation[sdk=iphonesimulator*]" = YES;
				"INFOPLIST_KEY_UIStatusBarStyle[sdk=iphoneos*]" = UIStatusBarStyleDefault;
				"INFOPLIST_KEY_UIStatusBarStyle[sdk=iphonesimulator*]" = UIStatusBarStyleDefault;
				INFOPLIST_KEY_UISupportedInterfaceOrientations_iPad = "UIInterfaceOrientationPortrait UIInterfaceOrientationPortraitUpsideDown UIInterfaceOrientationLandscapeLeft UIInterfaceOrientationLandscapeRight";
				INFOPLIST_KEY_UISupportedInterfaceOrientations_iPhone = "UIInterfaceOrientationPortrait UIInterfaceOrientationLandscapeLeft UIInterfaceOrientationLandscapeRight";
				IPHONEOS_DEPLOYMENT_TARGET = 16.2;
				LD_RUNPATH_SEARCH_PATHS = "@executable_path/Frameworks";
				"LD_RUNPATH_SEARCH_PATHS[sdk=macosx*]" = "@executable_path/../Frameworks";
				MACOSX_DEPLOYMENT_TARGET = 13.1;
				MARKETING_VERSION = 1.0;
				PRODUCT_BUNDLE_IDENTIFIER = fr.tectec.GardenUI;
				PRODUCT_NAME = "$(TARGET_NAME)";
				SDKROOT = auto;
				SUPPORTED_PLATFORMS = "iphoneos iphonesimulator macosx";
				SWIFT_EMIT_LOC_STRINGS = YES;
				SWIFT_VERSION = 5.0;
				TARGETED_DEVICE_FAMILY = "1,2";
			};
			name = Debug;
		};
		3338C6B62A1F5F510035545A /* Release */ = {
			isa = XCBuildConfiguration;
			buildSettings = {
				ASSETCATALOG_COMPILER_APPICON_NAME = AppIcon;
				ASSETCATALOG_COMPILER_GLOBAL_ACCENT_COLOR_NAME = AccentColor;
				CODE_SIGN_ENTITLEMENTS = GardenUI/GardenUI.entitlements;
				CODE_SIGN_STYLE = Automatic;
				CURRENT_PROJECT_VERSION = 1;
				DEVELOPMENT_ASSET_PATHS = "\"GardenUI/Preview Content\"";
				DEVELOPMENT_TEAM = A7SGM6JEMA;
				ENABLE_HARDENED_RUNTIME = YES;
				ENABLE_PREVIEWS = YES;
				GENERATE_INFOPLIST_FILE = YES;
				"INFOPLIST_KEY_UIApplicationSceneManifest_Generation[sdk=iphoneos*]" = YES;
				"INFOPLIST_KEY_UIApplicationSceneManifest_Generation[sdk=iphonesimulator*]" = YES;
				"INFOPLIST_KEY_UIApplicationSupportsIndirectInputEvents[sdk=iphoneos*]" = YES;
				"INFOPLIST_KEY_UIApplicationSupportsIndirectInputEvents[sdk=iphonesimulator*]" = YES;
				"INFOPLIST_KEY_UILaunchScreen_Generation[sdk=iphoneos*]" = YES;
				"INFOPLIST_KEY_UILaunchScreen_Generation[sdk=iphonesimulator*]" = YES;
				"INFOPLIST_KEY_UIStatusBarStyle[sdk=iphoneos*]" = UIStatusBarStyleDefault;
				"INFOPLIST_KEY_UIStatusBarStyle[sdk=iphonesimulator*]" = UIStatusBarStyleDefault;
				INFOPLIST_KEY_UISupportedInterfaceOrientations_iPad = "UIInterfaceOrientationPortrait UIInterfaceOrientationPortraitUpsideDown UIInterfaceOrientationLandscapeLeft UIInterfaceOrientationLandscapeRight";
				INFOPLIST_KEY_UISupportedInterfaceOrientations_iPhone = "UIInterfaceOrientationPortrait UIInterfaceOrientationLandscapeLeft UIInterfaceOrientationLandscapeRight";
				IPHONEOS_DEPLOYMENT_TARGET = 16.2;
				LD_RUNPATH_SEARCH_PATHS = "@executable_path/Frameworks";
				"LD_RUNPATH_SEARCH_PATHS[sdk=macosx*]" = "@executable_path/../Frameworks";
				MACOSX_DEPLOYMENT_TARGET = 13.1;
				MARKETING_VERSION = 1.0;
				PRODUCT_BUNDLE_IDENTIFIER = fr.tectec.GardenUI;
				PRODUCT_NAME = "$(TARGET_NAME)";
				SDKROOT = auto;
				SUPPORTED_PLATFORMS = "iphoneos iphonesimulator macosx";
				SWIFT_EMIT_LOC_STRINGS = YES;
				SWIFT_VERSION = 5.0;
				TARGETED_DEVICE_FAMILY = "1,2";
			};
			name = Release;
		};
/* End XCBuildConfiguration section */

/* Begin XCConfigurationList section */
		3338C6A02A1F5F500035545A /* Build configuration list for PBXProject "GardenUI" */ = {
			isa = XCConfigurationList;
			buildConfigurations = (
				3338C6B22A1F5F510035545A /* Debug */,
				3338C6B32A1F5F510035545A /* Release */,
			);
			defaultConfigurationIsVisible = 0;
			defaultConfigurationName = Release;
		};
		3338C6B42A1F5F510035545A /* Build configuration list for PBXNativeTarget "GardenUI" */ = {
			isa = XCConfigurationList;
			buildConfigurations = (
				3338C6B52A1F5F510035545A /* Debug */,
				3338C6B62A1F5F510035545A /* Release */,
			);
			defaultConfigurationIsVisible = 0;
			defaultConfigurationName = Release;
		};
/* End XCConfigurationList section */
	};
	rootObject = 3338C69D2A1F5F500035545A /* Project object */;
}
