// !$*UTF8*$!
{
	archiveVersion = 1;
	classes = {
	};
	objectVersion = 56;
	objects = {

/* Begin PBXBuildFile section */
		332425622A1CB71300EF0A5B /* AppDelegate.swift in Sources */ = {isa = PBXBuildFile; fileRef = 332425612A1CB71300EF0A5B /* AppDelegate.swift */; };
		332425642A1CB71300EF0A5B /* SceneDelegate.swift in Sources */ = {isa = PBXBuildFile; fileRef = 332425632A1CB71300EF0A5B /* SceneDelegate.swift */; };
		332425662A1CB71300EF0A5B /* ViewController.swift in Sources */ = {isa = PBXBuildFile; fileRef = 332425652A1CB71300EF0A5B /* ViewController.swift */; };
		332425692A1CB71300EF0A5B /* Main.storyboard in Resources */ = {isa = PBXBuildFile; fileRef = 332425672A1CB71300EF0A5B /* Main.storyboard */; };
		3324256B2A1CB71400EF0A5B /* Assets.xcassets in Resources */ = {isa = PBXBuildFile; fileRef = 3324256A2A1CB71400EF0A5B /* Assets.xcassets */; };
		3324256E2A1CB71400EF0A5B /* LaunchScreen.storyboard in Resources */ = {isa = PBXBuildFile; fileRef = 3324256C2A1CB71400EF0A5B /* LaunchScreen.storyboard */; };
		336628DC2A1CE8EA00E80B3F /* Plant.swift in Sources */ = {isa = PBXBuildFile; fileRef = 336628DB2A1CE8EA00E80B3F /* Plant.swift */; };
		336628DE2A1CE8F500E80B3F /* Garden.swift in Sources */ = {isa = PBXBuildFile; fileRef = 336628DD2A1CE8F500E80B3F /* Garden.swift */; };
		336628E12A1E1C6D00E80B3F /* PlantListViewController.swift in Sources */ = {isa = PBXBuildFile; fileRef = 336628E02A1E1C6D00E80B3F /* PlantListViewController.swift */; };
		33C88AE62A1E4466009CC422 /* CustomTableViewCell.swift in Sources */ = {isa = PBXBuildFile; fileRef = 33C88AE52A1E4466009CC422 /* CustomTableViewCell.swift */; };
/* End PBXBuildFile section */

/* Begin PBXFileReference section */
		3324255E2A1CB71300EF0A5B /* Garden.app */ = {isa = PBXFileReference; explicitFileType = wrapper.application; includeInIndex = 0; path = Garden.app; sourceTree = BUILT_PRODUCTS_DIR; };
		332425612A1CB71300EF0A5B /* AppDelegate.swift */ = {isa = PBXFileReference; lastKnownFileType = sourcecode.swift; path = AppDelegate.swift; sourceTree = "<group>"; };
		332425632A1CB71300EF0A5B /* SceneDelegate.swift */ = {isa = PBXFileReference; lastKnownFileType = sourcecode.swift; path = SceneDelegate.swift; sourceTree = "<group>"; };
		332425652A1CB71300EF0A5B /* ViewController.swift */ = {isa = PBXFileReference; lastKnownFileType = sourcecode.swift; path = ViewController.swift; sourceTree = "<group>"; };
		332425682A1CB71300EF0A5B /* Base */ = {isa = PBXFileReference; lastKnownFileType = file.storyboard; name = Base; path = Base.lproj/Main.storyboard; sourceTree = "<group>"; };
		3324256A2A1CB71400EF0A5B /* Assets.xcassets */ = {isa = PBXFileReference; lastKnownFileType = folder.assetcatalog; path = Assets.xcassets; sourceTree = "<group>"; };
		3324256D2A1CB71400EF0A5B /* Base */ = {isa = PBXFileReference; lastKnownFileType = file.storyboard; name = Base; path = Base.lproj/LaunchScreen.storyboard; sourceTree = "<group>"; };
		3324256F2A1CB71400EF0A5B /* Info.plist */ = {isa = PBXFileReference; lastKnownFileType = text.plist.xml; path = Info.plist; sourceTree = "<group>"; };
		336628DB2A1CE8EA00E80B3F /* Plant.swift */ = {isa = PBXFileReference; lastKnownFileType = sourcecode.swift; path = Plant.swift; sourceTree = "<group>"; };
		336628DD2A1CE8F500E80B3F /* Garden.swift */ = {isa = PBXFileReference; lastKnownFileType = sourcecode.swift; path = Garden.swift; sourceTree = "<group>"; };
		336628E02A1E1C6D00E80B3F /* PlantListViewController.swift */ = {isa = PBXFileReference; lastKnownFileType = sourcecode.swift; path = PlantListViewController.swift; sourceTree = "<group>"; };
		33C88AE52A1E4466009CC422 /* CustomTableViewCell.swift */ = {isa = PBXFileReference; lastKnownFileType = sourcecode.swift; path = CustomTableViewCell.swift; sourceTree = "<group>"; };
/* End PBXFileReference section */

/* Begin PBXFrameworksBuildPhase section */
		3324255B2A1CB71300EF0A5B /* Frameworks */ = {
			isa = PBXFrameworksBuildPhase;
			buildActionMask = 2147483647;
			files = (
			);
			runOnlyForDeploymentPostprocessing = 0;
		};
/* End PBXFrameworksBuildPhase section */

/* Begin PBXGroup section */
		332425552A1CB71300EF0A5B = {
			isa = PBXGroup;
			children = (
				332425602A1CB71300EF0A5B /* Garden */,
				3324255F2A1CB71300EF0A5B /* Products */,
			);
			sourceTree = "<group>";
		};
		3324255F2A1CB71300EF0A5B /* Products */ = {
			isa = PBXGroup;
			children = (
				3324255E2A1CB71300EF0A5B /* Garden.app */,
			);
			name = Products;
			sourceTree = "<group>";
		};
		332425602A1CB71300EF0A5B /* Garden */ = {
			isa = PBXGroup;
			children = (
				332425612A1CB71300EF0A5B /* AppDelegate.swift */,
				332425632A1CB71300EF0A5B /* SceneDelegate.swift */,
				33C88AE52A1E4466009CC422 /* CustomTableViewCell.swift */,
				336628E22A1E1C8900E80B3F /* ViewControllers */,
				336628DF2A1CE98C00E80B3F /* Model */,
				332425672A1CB71300EF0A5B /* Main.storyboard */,
				3324256A2A1CB71400EF0A5B /* Assets.xcassets */,
				3324256C2A1CB71400EF0A5B /* LaunchScreen.storyboard */,
				3324256F2A1CB71400EF0A5B /* Info.plist */,
			);
			path = Garden;
			sourceTree = "<group>";
		};
		336628DF2A1CE98C00E80B3F /* Model */ = {
			isa = PBXGroup;
			children = (
				336628DB2A1CE8EA00E80B3F /* Plant.swift */,
				336628DD2A1CE8F500E80B3F /* Garden.swift */,
			);
			path = Model;
			sourceTree = "<group>";
		};
		336628E22A1E1C8900E80B3F /* ViewControllers */ = {
			isa = PBXGroup;
			children = (
				332425652A1CB71300EF0A5B /* ViewController.swift */,
				336628E02A1E1C6D00E80B3F /* PlantListViewController.swift */,
			);
			path = ViewControllers;
			sourceTree = "<group>";
		};
/* End PBXGroup section */

/* Begin PBXNativeTarget section */
		3324255D2A1CB71300EF0A5B /* Garden */ = {
			isa = PBXNativeTarget;
			buildConfigurationList = 332425722A1CB71400EF0A5B /* Build configuration list for PBXNativeTarget "Garden" */;
			buildPhases = (
				3324255A2A1CB71300EF0A5B /* Sources */,
				3324255B2A1CB71300EF0A5B /* Frameworks */,
				3324255C2A1CB71300EF0A5B /* Resources */,
			);
			buildRules = (
			);
			dependencies = (
			);
			name = Garden;
			productName = Garden;
			productReference = 3324255E2A1CB71300EF0A5B /* Garden.app */;
			productType = "com.apple.product-type.application";
		};
/* End PBXNativeTarget section */

/* Begin PBXProject section */
		332425562A1CB71300EF0A5B /* Project object */ = {
			isa = PBXProject;
			attributes = {
				BuildIndependentTargetsInParallel = 1;
				LastSwiftUpdateCheck = 1420;
				LastUpgradeCheck = 1420;
				TargetAttributes = {
					3324255D2A1CB71300EF0A5B = {
						CreatedOnToolsVersion = 14.2;
					};
				};
			};
			buildConfigurationList = 332425592A1CB71300EF0A5B /* Build configuration list for PBXProject "Garden" */;
			compatibilityVersion = "Xcode 14.0";
			developmentRegion = en;
			hasScannedForEncodings = 0;
			knownRegions = (
				en,
				Base,
			);
			mainGroup = 332425552A1CB71300EF0A5B;
			productRefGroup = 3324255F2A1CB71300EF0A5B /* Products */;
			projectDirPath = "";
			projectRoot = "";
			targets = (
				3324255D2A1CB71300EF0A5B /* Garden */,
			);
		};
/* End PBXProject section */

/* Begin PBXResourcesBuildPhase section */
		3324255C2A1CB71300EF0A5B /* Resources */ = {
			isa = PBXResourcesBuildPhase;
			buildActionMask = 2147483647;
			files = (
				3324256E2A1CB71400EF0A5B /* LaunchScreen.storyboard in Resources */,
				3324256B2A1CB71400EF0A5B /* Assets.xcassets in Resources */,
				332425692A1CB71300EF0A5B /* Main.storyboard in Resources */,
			);
			runOnlyForDeploymentPostprocessing = 0;
		};
/* End PBXResourcesBuildPhase section */

/* Begin PBXSourcesBuildPhase section */
		3324255A2A1CB71300EF0A5B /* Sources */ = {
			isa = PBXSourcesBuildPhase;
			buildActionMask = 2147483647;
			files = (
				336628DE2A1CE8F500E80B3F /* Garden.swift in Sources */,
				332425662A1CB71300EF0A5B /* ViewController.swift in Sources */,
				336628E12A1E1C6D00E80B3F /* PlantListViewController.swift in Sources */,
				33C88AE62A1E4466009CC422 /* CustomTableViewCell.swift in Sources */,
				336628DC2A1CE8EA00E80B3F /* Plant.swift in Sources */,
				332425622A1CB71300EF0A5B /* AppDelegate.swift in Sources */,
				332425642A1CB71300EF0A5B /* SceneDelegate.swift in Sources */,
			);
			runOnlyForDeploymentPostprocessing = 0;
		};
/* End PBXSourcesBuildPhase section */

/* Begin PBXVariantGroup section */
		332425672A1CB71300EF0A5B /* Main.storyboard */ = {
			isa = PBXVariantGroup;
			children = (
				332425682A1CB71300EF0A5B /* Base */,
			);
			name = Main.storyboard;
			sourceTree = "<group>";
		};
		3324256C2A1CB71400EF0A5B /* LaunchScreen.storyboard */ = {
			isa = PBXVariantGroup;
			children = (
				3324256D2A1CB71400EF0A5B /* Base */,
			);
			name = LaunchScreen.storyboard;
			sourceTree = "<group>";
		};
/* End PBXVariantGroup section */

/* Begin XCBuildConfiguration section */
		332425702A1CB71400EF0A5B /* Debug */ = {
			isa = XCBuildConfiguration;
			buildSettings = {
				ALWAYS_SEARCH_USER_PATHS = NO;
				CLANG_ANALYZER_NONNULL = YES;
				CLANG_ANALYZER_NUMBER_OBJECT_CONVERSION = YES_AGGRESSIVE;
				CLANG_CXX_LANGUAGE_STANDARD = "gnu++20";
				CLANG_ENABLE_MODULES = YES;
				CLANG_ENABLE_OBJC_ARC = YES;
				CLANG_ENABLE_OBJC_WEAK = YES;
				CLANG_WARN_BLOCK_CAPTURE_AUTORELEASING = YES;
				CLANG_WARN_BOOL_CONVERSION = YES;
				CLANG_WARN_COMMA = YES;
				CLANG_WARN_CONSTANT_CONVERSION = YES;
				CLANG_WARN_DEPRECATED_OBJC_IMPLEMENTATIONS = YES;
				CLANG_WARN_DIRECT_OBJC_ISA_USAGE = YES_ERROR;
				CLANG_WARN_DOCUMENTATION_COMMENTS = YES;
				CLANG_WARN_EMPTY_BODY = YES;
				CLANG_WARN_ENUM_CONVERSION = YES;
				CLANG_WARN_INFINITE_RECURSION = YES;
				CLANG_WARN_INT_CONVERSION = YES;
				CLANG_WARN_NON_LITERAL_NULL_CONVERSION = YES;
				CLANG_WARN_OBJC_IMPLICIT_RETAIN_SELF = YES;
				CLANG_WARN_OBJC_LITERAL_CONVERSION = YES;
				CLANG_WARN_OBJC_ROOT_CLASS = YES_ERROR;
				CLANG_WARN_QUOTED_INCLUDE_IN_FRAMEWORK_HEADER = YES;
				CLANG_WARN_RANGE_LOOP_ANALYSIS = YES;
				CLANG_WARN_STRICT_PROTOTYPES = YES;
				CLANG_WARN_SUSPICIOUS_MOVE = YES;
				CLANG_WARN_UNGUARDED_AVAILABILITY = YES_AGGRESSIVE;
				CLANG_WARN_UNREACHABLE_CODE = YES;
				CLANG_WARN__DUPLICATE_METHOD_MATCH = YES;
				COPY_PHASE_STRIP = NO;
				DEBUG_INFORMATION_FORMAT = dwarf;
				ENABLE_STRICT_OBJC_MSGSEND = YES;
				ENABLE_TESTABILITY = YES;
				GCC_C_LANGUAGE_STANDARD = gnu11;
				GCC_DYNAMIC_NO_PIC = NO;
				GCC_NO_COMMON_BLOCKS = YES;
				GCC_OPTIMIZATION_LEVEL = 0;
				GCC_PREPROCESSOR_DEFINITIONS = (
					"DEBUG=1",
					"$(inherited)",
				);
				GCC_WARN_64_TO_32_BIT_CONVERSION = YES;
				GCC_WARN_ABOUT_RETURN_TYPE = YES_ERROR;
				GCC_WARN_UNDECLARED_SELECTOR = YES;
				GCC_WARN_UNINITIALIZED_AUTOS = YES_AGGRESSIVE;
				GCC_WARN_UNUSED_FUNCTION = YES;
				GCC_WARN_UNUSED_VARIABLE = YES;
				IPHONEOS_DEPLOYMENT_TARGET = 16.2;
				MTL_ENABLE_DEBUG_INFO = INCLUDE_SOURCE;
				MTL_FAST_MATH = YES;
				ONLY_ACTIVE_ARCH = YES;
				SDKROOT = iphoneos;
				SWIFT_ACTIVE_COMPILATION_CONDITIONS = DEBUG;
				SWIFT_OPTIMIZATION_LEVEL = "-Onone";
			};
			name = Debug;
		};
		332425712A1CB71400EF0A5B /* Release */ = {
			isa = XCBuildConfiguration;
			buildSettings = {
				ALWAYS_SEARCH_USER_PATHS = NO;
				CLANG_ANALYZER_NONNULL = YES;
				CLANG_ANALYZER_NUMBER_OBJECT_CONVERSION = YES_AGGRESSIVE;
				CLANG_CXX_LANGUAGE_STANDARD = "gnu++20";
				CLANG_ENABLE_MODULES = YES;
				CLANG_ENABLE_OBJC_ARC = YES;
				CLANG_ENABLE_OBJC_WEAK = YES;
				CLANG_WARN_BLOCK_CAPTURE_AUTORELEASING = YES;
				CLANG_WARN_BOOL_CONVERSION = YES;
				CLANG_WARN_COMMA = YES;
				CLANG_WARN_CONSTANT_CONVERSION = YES;
				CLANG_WARN_DEPRECATED_OBJC_IMPLEMENTATIONS = YES;
				CLANG_WARN_DIRECT_OBJC_ISA_USAGE = YES_ERROR;
				CLANG_WARN_DOCUMENTATION_COMMENTS = YES;
				CLANG_WARN_EMPTY_BODY = YES;
				CLANG_WARN_ENUM_CONVERSION = YES;
				CLANG_WARN_INFINITE_RECURSION = YES;
				CLANG_WARN_INT_CONVERSION = YES;
				CLANG_WARN_NON_LITERAL_NULL_CONVERSION = YES;
				CLANG_WARN_OBJC_IMPLICIT_RETAIN_SELF = YES;
				CLANG_WARN_OBJC_LITERAL_CONVERSION = YES;
				CLANG_WARN_OBJC_ROOT_CLASS = YES_ERROR;
				CLANG_WARN_QUOTED_INCLUDE_IN_FRAMEWORK_HEADER = YES;
				CLANG_WARN_RANGE_LOOP_ANALYSIS = YES;
				CLANG_WARN_STRICT_PROTOTYPES = YES;
				CLANG_WARN_SUSPICIOUS_MOVE = YES;
				CLANG_WARN_UNGUARDED_AVAILABILITY = YES_AGGRESSIVE;
				CLANG_WARN_UNREACHABLE_CODE = YES;
				CLANG_WARN__DUPLICATE_METHOD_MATCH = YES;
				COPY_PHASE_STRIP = NO;
				DEBUG_INFORMATION_FORMAT = "dwarf-with-dsym";
				ENABLE_NS_ASSERTIONS = NO;
				ENABLE_STRICT_OBJC_MSGSEND = YES;
				GCC_C_LANGUAGE_STANDARD = gnu11;
				GCC_NO_COMMON_BLOCKS = YES;
				GCC_WARN_64_TO_32_BIT_CONVERSION = YES;
				GCC_WARN_ABOUT_RETURN_TYPE = YES_ERROR;
				GCC_WARN_UNDECLARED_SELECTOR = YES;
				GCC_WARN_UNINITIALIZED_AUTOS = YES_AGGRESSIVE;
				GCC_WARN_UNUSED_FUNCTION = YES;
				GCC_WARN_UNUSED_VARIABLE = YES;
				IPHONEOS_DEPLOYMENT_TARGET = 16.2;
				MTL_ENABLE_DEBUG_INFO = NO;
				MTL_FAST_MATH = YES;
				SDKROOT = iphoneos;
				SWIFT_COMPILATION_MODE = wholemodule;
				SWIFT_OPTIMIZATION_LEVEL = "-O";
				VALIDATE_PRODUCT = YES;
			};
			name = Release;
		};
		332425732A1CB71400EF0A5B /* Debug */ = {
			isa = XCBuildConfiguration;
			buildSettings = {
				ASSETCATALOG_COMPILER_APPICON_NAME = AppIcon;
				ASSETCATALOG_COMPILER_GLOBAL_ACCENT_COLOR_NAME = AccentColor;
				CODE_SIGN_STYLE = Automatic;
				CURRENT_PROJECT_VERSION = 1;
				DEVELOPMENT_TEAM = A7SGM6JEMA;
				GENERATE_INFOPLIST_FILE = YES;
				INFOPLIST_FILE = Garden/Info.plist;
				INFOPLIST_KEY_UIApplicationSupportsIndirectInputEvents = YES;
				INFOPLIST_KEY_UILaunchStoryboardName = LaunchScreen;
				INFOPLIST_KEY_UIMainStoryboardFile = Main;
				INFOPLIST_KEY_UISupportedInterfaceOrientations_iPad = "UIInterfaceOrientationPortrait UIInterfaceOrientationPortraitUpsideDown UIInterfaceOrientationLandscapeLeft UIInterfaceOrientationLandscapeRight";
				INFOPLIST_KEY_UISupportedInterfaceOrientations_iPhone = "UIInterfaceOrientationPortrait UIInterfaceOrientationLandscapeLeft UIInterfaceOrientationLandscapeRight";
				LD_RUNPATH_SEARCH_PATHS = (
					"$(inherited)",
					"@executable_path/Frameworks",
				);
				MARKETING_VERSION = 1.0;
				PRODUCT_BUNDLE_IDENTIFIER = fr.tectec.humanCoders.Garden;
				PRODUCT_NAME = "$(TARGET_NAME)";
				SWIFT_EMIT_LOC_STRINGS = YES;
				SWIFT_VERSION = 5.0;
				TARGETED_DEVICE_FAMILY = "1,2";
			};
			name = Debug;
		};
		332425742A1CB71400EF0A5B /* Release */ = {
			isa = XCBuildConfiguration;
			buildSettings = {
				ASSETCATALOG_COMPILER_APPICON_NAME = AppIcon;
				ASSETCATALOG_COMPILER_GLOBAL_ACCENT_COLOR_NAME = AccentColor;
				CODE_SIGN_STYLE = Automatic;
				CURRENT_PROJECT_VERSION = 1;
				DEVELOPMENT_TEAM = A7SGM6JEMA;
				GENERATE_INFOPLIST_FILE = YES;
				INFOPLIST_FILE = Garden/Info.plist;
				INFOPLIST_KEY_UIApplicationSupportsIndirectInputEvents = YES;
				INFOPLIST_KEY_UILaunchStoryboardName = LaunchScreen;
				INFOPLIST_KEY_UIMainStoryboardFile = Main;
				INFOPLIST_KEY_UISupportedInterfaceOrientations_iPad = "UIInterfaceOrientationPortrait UIInterfaceOrientationPortraitUpsideDown UIInterfaceOrientationLandscapeLeft UIInterfaceOrientationLandscapeRight";
				INFOPLIST_KEY_UISupportedInterfaceOrientations_iPhone = "UIInterfaceOrientationPortrait UIInterfaceOrientationLandscapeLeft UIInterfaceOrientationLandscapeRight";
				LD_RUNPATH_SEARCH_PATHS = (
					"$(inherited)",
					"@executable_path/Frameworks",
				);
				MARKETING_VERSION = 1.0;
				PRODUCT_BUNDLE_IDENTIFIER = fr.tectec.humanCoders.Garden;
				PRODUCT_NAME = "$(TARGET_NAME)";
				SWIFT_EMIT_LOC_STRINGS = YES;
				SWIFT_VERSION = 5.0;
				TARGETED_DEVICE_FAMILY = "1,2";
			};
			name = Release;
		};
/* End XCBuildConfiguration section */

/* Begin XCConfigurationList section */
		332425592A1CB71300EF0A5B /* Build configuration list for PBXProject "Garden" */ = {
			isa = XCConfigurationList;
			buildConfigurations = (
				332425702A1CB71400EF0A5B /* Debug */,
				332425712A1CB71400EF0A5B /* Release */,
			);
			defaultConfigurationIsVisible = 0;
			defaultConfigurationName = Release;
		};
		332425722A1CB71400EF0A5B /* Build configuration list for PBXNativeTarget "Garden" */ = {
			isa = XCConfigurationList;
			buildConfigurations = (
				332425732A1CB71400EF0A5B /* Debug */,
				332425742A1CB71400EF0A5B /* Release */,
			);
			defaultConfigurationIsVisible = 0;
			defaultConfigurationName = Release;
		};
/* End XCConfigurationList section */
	};
	rootObject = 332425562A1CB71300EF0A5B /* Project object */;
}
